<?xml version="1.0" encoding="utf-8"?>
<Project ToolsVersion="4.0" xmlns="http://schemas.microsoft.com/developer/msbuild/2003">
  <ItemGroup>
    <Filter Include="Quelldateien">
      <UniqueIdentifier>{4FC737F1-C7A5-4376-A066-2A32D752A2FF}</UniqueIdentifier>
      <Extensions>cpp;c;cc;cxx;def;odl;idl;hpj;bat;asm;asmx</Extensions>
    </Filter>
    <Filter Include="Headerdateien">
      <UniqueIdentifier>{93995380-89BD-4b04-88EB-625FBE52EBFB}</UniqueIdentifier>
      <Extensions>h;hpp;hxx;hm;inl;inc;xsd</Extensions>
    </Filter>
    <Filter Include="Quelldateien\dbEngine">
      <UniqueIdentifier>{03fbd856-f962-4ee8-a973-753b7215d1b3}</UniqueIdentifier>
    </Filter>
    <Filter Include="Headerdateien\dbEngine">
      <UniqueIdentifier>{0c4f4647-3519-40b1-8513-e6d838fbb620}</UniqueIdentifier>
    </Filter>
    <Filter Include="Headerdateien\dbEngine\Classes">
      <UniqueIdentifier>{da5cf703-9534-46b4-87b9-d34cf005761a}</UniqueIdentifier>
    </Filter>
    <Filter Include="Quelldateien\dbEngine\Classes">
      <UniqueIdentifier>{e1b07760-97c9-47c2-80c3-d8b692518f2b}</UniqueIdentifier>
    </Filter>
    <Filter Include="Quelldateien\dbEngine\Utils">
      <UniqueIdentifier>{88416b83-1577-44e0-95d3-eaa1b064c39b}</UniqueIdentifier>
    </Filter>
    <Filter Include="Quelldateien\.trash">
      <UniqueIdentifier>{e2d7195d-84ec-44e4-9c0d-cad00b6ccf89}</UniqueIdentifier>
    </Filter>
    <Filter Include="Headerdateien\dbEngine\Utils">
      <UniqueIdentifier>{5bb0e3e4-27a2-4dc0-b148-be9775dd21ea}</UniqueIdentifier>
    </Filter>
    <Filter Include="Headerdateien\.trash">
      <UniqueIdentifier>{9334cfa6-59e3-49db-b53a-513a3aa1bc67}</UniqueIdentifier>
    </Filter>
    <Filter Include="Quelldateien\dbEngine\Classes\scene">
      <UniqueIdentifier>{0894c6f0-9f3c-4f18-8dd5-26ab9ca632dd}</UniqueIdentifier>
    </Filter>
    <Filter Include="Quelldateien\dbEngine\Classes\core">
      <UniqueIdentifier>{004116a3-2b94-49e6-beda-6425d6afb835}</UniqueIdentifier>
    </Filter>
    <Filter Include="Headerdateien\dbEngine\Classes\scene">
      <UniqueIdentifier>{be52ed6e-b2d2-4332-a60c-81cc6232d6f2}</UniqueIdentifier>
    </Filter>
    <Filter Include="Headerdateien\dbEngine\Classes\core">
      <UniqueIdentifier>{d20aa789-4e43-4107-a609-513e1450154c}</UniqueIdentifier>
    </Filter>
    <Filter Include="Headerdateien\dbEngine\Classes\video">
      <UniqueIdentifier>{b56349a8-1188-40d8-a4cd-54eb99d37b1f}</UniqueIdentifier>
    </Filter>
    <Filter Include="Headerdateien\dbEngine\Classes\res">
      <UniqueIdentifier>{a823ff24-195a-4464-b799-ddcb65c7e670}</UniqueIdentifier>
    </Filter>
    <Filter Include="Quelldateien\dbEngine\Classes\res">
      <UniqueIdentifier>{7e7b36ee-4cea-4e7d-9258-d58b94c66631}</UniqueIdentifier>
    </Filter>
    <Filter Include="Quelldateien\dbEngine\Classes\video">
      <UniqueIdentifier>{f3d3591c-02f0-432a-badc-5d14c4121864}</UniqueIdentifier>
    </Filter>
    <Filter Include="Headerdateien\dbEngine\Classes\particle">
      <UniqueIdentifier>{1777a8db-0304-432b-a546-d268a113ef4e}</UniqueIdentifier>
    </Filter>
    <Filter Include="Quelldateien\dbEngine\Classes\particle">
      <UniqueIdentifier>{8bcf382b-8d65-4725-a0c9-3a531dda9bf2}</UniqueIdentifier>
    </Filter>
  </ItemGroup>
  <ItemGroup>
    <ClCompile Include="utils.cpp">
      <Filter>Quelldateien\dbEngine\Utils</Filter>
    </ClCompile>
    <ClCompile Include="DbofX.cpp">
      <Filter>Quelldateien\dbEngine\Classes</Filter>
    </ClCompile>
    <ClCompile Include="dbDevice.cpp">
      <Filter>Quelldateien\dbEngine\Classes</Filter>
    </ClCompile>
    <ClCompile Include="dbDevice_.cpp">
      <Filter>Quelldateien\.trash</Filter>
    </ClCompile>
    <ClCompile Include="random.cpp">
      <Filter>Quelldateien\.trash</Filter>
    </ClCompile>
    <ClCompile Include="dbMesh_.cpp">
      <Filter>Quelldateien\.trash</Filter>
    </ClCompile>
    <ClCompile Include="dbCamera_.cpp">
      <Filter>Quelldateien\.trash</Filter>
    </ClCompile>
    <ClCompile Include="dbSceneNode_.cpp">
      <Filter>Quelldateien\.trash</Filter>
    </ClCompile>
    <ClCompile Include="dbCamera.cpp">
      <Filter>Quelldateien\dbEngine\Classes\scene</Filter>
    </ClCompile>
    <ClCompile Include="dbDirectionalLight.cpp">
      <Filter>Quelldateien\dbEngine\Classes\scene</Filter>
    </ClCompile>
    <ClCompile Include="dbError.cpp">
      <Filter>Quelldateien\dbEngine\Classes\core</Filter>
    </ClCompile>
    <ClCompile Include="dbLight.cpp">
      <Filter>Quelldateien\dbEngine\Classes\scene</Filter>
    </ClCompile>
    <ClCompile Include="dbLightManager.cpp">
      <Filter>Quelldateien\dbEngine\Classes\scene</Filter>
    </ClCompile>
    <ClCompile Include="dbMatrix.cpp">
      <Filter>Quelldateien\dbEngine\Classes\core</Filter>
    </ClCompile>
    <ClCompile Include="dbMesh.cpp">
      <Filter>Quelldateien\dbEngine\Classes\scene</Filter>
    </ClCompile>
    <ClCompile Include="dbPointLight.cpp">
      <Filter>Quelldateien\dbEngine\Classes\scene</Filter>
    </ClCompile>
    <ClCompile Include="dbScene.cpp">
      <Filter>Quelldateien\dbEngine\Classes\scene</Filter>
    </ClCompile>
    <ClCompile Include="dbSceneNode.cpp">
      <Filter>Quelldateien\dbEngine\Classes\scene</Filter>
    </ClCompile>
    <ClCompile Include="dbSkybox.cpp">
      <Filter>Quelldateien\dbEngine\Classes\scene</Filter>
    </ClCompile>
    <ClCompile Include="dbVector3.cpp">
      <Filter>Quelldateien\dbEngine\Classes\core</Filter>
    </ClCompile>
    <ClCompile Include="dbSceneMgr.cpp">
      <Filter>Quelldateien\dbEngine\Classes\scene</Filter>
    </ClCompile>
    <ClCompile Include="dbSprite_.cpp">
      <Filter>Quelldateien\.trash</Filter>
    </ClCompile>
    <ClCompile Include="dbSceneNode.cpp">
      <Filter>Quelldateien\dbEngine\Classes\scene</Filter>
    </ClCompile>
    <ClCompile Include="dbTextureManager.cpp">
      <Filter>Quelldateien\dbEngine\Classes\res</Filter>
    </ClCompile>
    <ClCompile Include="db2DManager.cpp">
      <Filter>Quelldateien\dbEngine\Classes\video</Filter>
    </ClCompile>
    <ClCompile Include="dbVertexBuffer.cpp">
      <Filter>Quelldateien\dbEngine\Classes\core</Filter>
    </ClCompile>
    <ClCompile Include="dbSpotLight.cpp">
      <Filter>Quelldateien\dbEngine\Classes\scene</Filter>
    </ClCompile>
    <ClCompile Include="dbIndexBuffer.cpp">
      <Filter>Quelldateien\dbEngine\Classes\core</Filter>
    </ClCompile>
    <ClCompile Include="dbParticleSystem.cpp">
      <Filter>Quelldateien\dbEngine\Classes\video</Filter>
    </ClCompile>
    <ClCompile Include="dbTerrain.cpp">
      <Filter>Quelldateien\dbEngine\Classes\scene</Filter>
    </ClCompile>
    <ClCompile Include="dbFontObject.cpp">
      <Filter>Quelldateien\dbEngine\Classes\scene</Filter>
    </ClCompile>
    <ClCompile Include="dbSkinnedMesh.cpp">
      <Filter>Quelldateien\dbEngine\Classes\scene</Filter>
    </ClCompile>
    <ClCompile Include="BoneHierarchyLoader.cpp">
      <Filter>Quelldateien\dbEngine\Classes\scene</Filter>
    </ClCompile>
    <ClCompile Include="dbPS.cpp">
      <Filter>Quelldateien\dbEngine\Classes\particle</Filter>
    </ClCompile>
    <ClCompile Include="dbEulerUpdater.cpp">
      <Filter>Quelldateien\dbEngine\Classes\particle</Filter>
    </ClCompile>
    <ClCompile Include="dbRoundPosGen.cpp">
      <Filter>Quelldateien\dbEngine\Classes\particle</Filter>
    </ClCompile>
    <ClCompile Include="dbTextureRenderer.cpp">
      <Filter>Quelldateien\dbEngine\Classes\particle</Filter>
    </ClCompile>
    <ClCompile Include="dbBasicTimeGenerator.cpp">
      <Filter>Quelldateien\dbEngine\Classes\particle</Filter>
    </ClCompile>
    <ClCompile Include="dbPointRenderer.cpp">
      <Filter>Quelldateien\dbEngine\Classes\particle</Filter>
    </ClCompile>
    <ClCompile Include="dbBasicTimeUpdater.cpp">
      <Filter>Quelldateien\dbEngine\Classes\particle</Filter>
    </ClCompile>
    <ClCompile Include="dbParticleEmitter.cpp">
      <Filter>Quelldateien\dbEngine\Classes\particle</Filter>
    </ClCompile>
  </ItemGroup>
  <ItemGroup>
    <ClInclude Include="dbDevice.h">
      <Filter>Headerdateien\dbEngine\Classes</Filter>
    </ClInclude>
    <ClInclude Include="utils.h">
      <Filter>Headerdateien\dbEngine\Utils</Filter>
    </ClInclude>
    <ClInclude Include="DbofX.h">
      <Filter>Headerdateien\dbEngine\Classes</Filter>
    </ClInclude>
    <ClInclude Include="dbSceneNode__.h">
      <Filter>Headerdateien\.trash</Filter>
    </ClInclude>
    <ClInclude Include="dim2D.h">
      <Filter>Headerdateien\.trash</Filter>
    </ClInclude>
    <ClInclude Include="random.h">
      <Filter>Headerdateien\.trash</Filter>
    </ClInclude>
    <ClInclude Include="dbColor.h">
      <Filter>Headerdateien\dbEngine\Classes\core</Filter>
    </ClInclude>
    <ClInclude Include="dbDirectionalLight.h">
      <Filter>Headerdateien\dbEngine\Classes\scene</Filter>
    </ClInclude>
    <ClInclude Include="dbCamera.h">
      <Filter>Headerdateien\dbEngine\Classes\scene</Filter>
    </ClInclude>
    <ClInclude Include="dbError.h">
      <Filter>Headerdateien\dbEngine\Classes\core</Filter>
    </ClInclude>
    <ClInclude Include="dbLight.h">
      <Filter>Headerdateien\dbEngine\Classes\scene</Filter>
    </ClInclude>
    <ClInclude Include="dbLightManager.h">
      <Filter>Headerdateien\dbEngine\Classes\scene</Filter>
    </ClInclude>
    <ClInclude Include="dbMesh.h">
      <Filter>Headerdateien\dbEngine\Classes\scene</Filter>
    </ClInclude>
    <ClInclude Include="dbMatrix.h">
      <Filter>Headerdateien\dbEngine\Classes\core</Filter>
    </ClInclude>
    <ClInclude Include="dbPointLight.h">
      <Filter>Headerdateien\dbEngine\Classes\scene</Filter>
    </ClInclude>
    <ClInclude Include="dbScene.h">
      <Filter>Headerdateien\dbEngine\Classes\scene</Filter>
    </ClInclude>
    <ClInclude Include="dbSceneNode.h">
      <Filter>Headerdateien\dbEngine\Classes\scene</Filter>
    </ClInclude>
    <ClInclude Include="dbSkybox.h">
      <Filter>Headerdateien\dbEngine\Classes\scene</Filter>
    </ClInclude>
    <ClInclude Include="dbVector3.h">
      <Filter>Headerdateien\dbEngine\Classes\core</Filter>
    </ClInclude>
    <ClInclude Include="dbSceneMgr.h">
      <Filter>Headerdateien\dbEngine\Classes\scene</Filter>
    </ClInclude>
    <ClInclude Include="dbSprite_.h">
      <Filter>Headerdateien\.trash</Filter>
    </ClInclude>
    <ClInclude Include="db2DManager.h">
      <Filter>Headerdateien\dbEngine\Classes\video</Filter>
    </ClInclude>
    <ClInclude Include="dbTextureManager.h">
      <Filter>Headerdateien\dbEngine\Classes\res</Filter>
    </ClInclude>
    <ClInclude Include="dbVertexBuffer.h">
      <Filter>Headerdateien\dbEngine\Classes\core</Filter>
    </ClInclude>
    <ClInclude Include="dbIndexBuffer.h">
      <Filter>Headerdateien\dbEngine\Classes\core</Filter>
    </ClInclude>
    <ClInclude Include="dbParticleSystem.h">
      <Filter>Headerdateien\dbEngine\Classes\video</Filter>
    </ClInclude>
    <ClInclude Include="dbTerrain.h">
      <Filter>Headerdateien\dbEngine\Classes\scene</Filter>
    </ClInclude>
    <ClInclude Include="dbSpotLight.h">
      <Filter>Headerdateien\dbEngine\Classes\scene</Filter>
    </ClInclude>
    <ClInclude Include="dbFontObject.h">
      <Filter>Headerdateien\dbEngine\Classes\scene</Filter>
    </ClInclude>
    <ClInclude Include="dbSkinnedMesh.h">
      <Filter>Headerdateien\dbEngine\Classes\scene</Filter>
    </ClInclude>
    <ClInclude Include="BoneHierarchyLoader.h">
      <Filter>Headerdateien\dbEngine\Classes\scene</Filter>
    </ClInclude>
    <ClInclude Include="dbPS.h">
      <Filter>Headerdateien\dbEngine\Classes\particle</Filter>
    </ClInclude>
    <ClInclude Include="dbParticleRenderer.h">
      <Filter>Headerdateien\dbEngine\Classes\particle</Filter>
    </ClInclude>
    <ClInclude Include="dbRoundPosGen.h">
      <Filter>Headerdateien\dbEngine\Classes\particle</Filter>
    </ClInclude>
    <ClInclude Include="dbEulerUpdater.h">
      <Filter>Headerdateien\dbEngine\Classes\particle</Filter>
    </ClInclude>
    <ClInclude Include="dbTextureRenderer.h">
      <Filter>Headerdateien\dbEngine\Classes\particle</Filter>
    </ClInclude>
    <ClInclude Include="dbPointRenderer.h">
      <Filter>Headerdateien\dbEngine\Classes\particle</Filter>
    </ClInclude>
    <ClInclude Include="dbBasicTimeGenerator.h">
      <Filter>Headerdateien\dbEngine\Classes\particle</Filter>
    </ClInclude>
    <ClInclude Include="dbParticleEmitter.h">
      <Filter>Headerdateien\dbEngine\Classes\particle</Filter>
    </ClInclude>
    <ClInclude Include="dbParticleGenerator.h">
      <Filter>Headerdateien\dbEngine\Classes\particle</Filter>
    </ClInclude>
    <ClInclude Include="dbParticleUpdater.h">
      <Filter>Headerdateien\dbEngine\Classes\particle</Filter>
    </ClInclude>
    <ClInclude Include="dbBasicTimeUpdater.h">
      <Filter>Headerdateien\dbEngine\Classes\particle</Filter>
    </ClInclude>
  </ItemGroup>
</Project>